// !$*UTF8*$!
{
	archiveVersion = 1;
	classes = {
	};
	objectVersion = 46;
	objects = {

/* Begin PBXBuildFile section */
		0200DA61134275380049713F /* UIKit.framework in Frameworks */ = {isa = PBXBuildFile; fileRef = 0200DA60134275380049713F /* UIKit.framework */; };
		0200DA63134275380049713F /* Foundation.framework in Frameworks */ = {isa = PBXBuildFile; fileRef = 0200DA62134275380049713F /* Foundation.framework */; };
		0200DA65134275380049713F /* CoreGraphics.framework in Frameworks */ = {isa = PBXBuildFile; fileRef = 0200DA64134275380049713F /* CoreGraphics.framework */; };
		0200DA6B134275380049713F /* InfoPlist.strings in Resources */ = {isa = PBXBuildFile; fileRef = 0200DA69134275380049713F /* InfoPlist.strings */; };
		0200DA6E134275380049713F /* main.m in Sources */ = {isa = PBXBuildFile; fileRef = 0200DA6D134275380049713F /* main.m */; };
		0200DA71134275380049713F /* SodineAppDelegate.m in Sources */ = {isa = PBXBuildFile; fileRef = 0200DA70134275380049713F /* SodineAppDelegate.m */; };
		0200DA74134275380049713F /* MainWindow.xib in Resources */ = {isa = PBXBuildFile; fileRef = 0200DA72134275380049713F /* MainWindow.xib */; };
		0200DA77134275380049713F /* SodineViewController.m in Sources */ = {isa = PBXBuildFile; fileRef = 0200DA76134275380049713F /* SodineViewController.m */; };
		0200DA7A134275380049713F /* SodineViewController.xib in Resources */ = {isa = PBXBuildFile; fileRef = 0200DA78134275380049713F /* SodineViewController.xib */; };
		0200DA81134275380049713F /* UIKit.framework in Frameworks */ = {isa = PBXBuildFile; fileRef = 0200DA60134275380049713F /* UIKit.framework */; };
		0200DA82134275380049713F /* Foundation.framework in Frameworks */ = {isa = PBXBuildFile; fileRef = 0200DA62134275380049713F /* Foundation.framework */; };
		0200DA83134275380049713F /* CoreGraphics.framework in Frameworks */ = {isa = PBXBuildFile; fileRef = 0200DA64134275380049713F /* CoreGraphics.framework */; };
		0200DA8B134275380049713F /* InfoPlist.strings in Resources */ = {isa = PBXBuildFile; fileRef = 0200DA89134275380049713F /* InfoPlist.strings */; };
		0200DA8E134275380049713F /* SodineTests.h in Resources */ = {isa = PBXBuildFile; fileRef = 0200DA8D134275380049713F /* SodineTests.h */; };
		0200DA90134275380049713F /* SodineTests.m in Sources */ = {isa = PBXBuildFile; fileRef = 0200DA8F134275380049713F /* SodineTests.m */; };
		0200DAE613427A000049713F /* Foundation.framework in Frameworks */ = {isa = PBXBuildFile; fileRef = 0200DA62134275380049713F /* Foundation.framework */; };
		0200DAF313427F820049713F /* base64u.c in Sources */ = {isa = PBXBuildFile; fileRef = 0200DAF113427F820049713F /* base64u.c */; };
		0200DAF8134289EA0049713F /* base32.c in Sources */ = {isa = PBXBuildFile; fileRef = 0200DAB3134278350049713F /* base32.c */; };
		0200DAF913428A0D0049713F /* base128.c in Sources */ = {isa = PBXBuildFile; fileRef = 0200DAB1134278350049713F /* base128.c */; };
		0200DAFA13428A130049713F /* base64.c in Sources */ = {isa = PBXBuildFile; fileRef = 0200DAB5134278350049713F /* base64.c */; };
		0200DAFB13428A190049713F /* base64u.c in Sources */ = {isa = PBXBuildFile; fileRef = 0200DAF113427F820049713F /* base64u.c */; };
		0200DAFC13428A200049713F /* client.c in Sources */ = {isa = PBXBuildFile; fileRef = 0200DAB7134278350049713F /* client.c */; };
		0200DAFD13428A250049713F /* common.c in Sources */ = {isa = PBXBuildFile; fileRef = 0200DAB9134278350049713F /* common.c */; };
		0200DAFE13428A2A0049713F /* dns.c in Sources */ = {isa = PBXBuildFile; fileRef = 0200DABB134278350049713F /* dns.c */; };
		0200DAFF13428A300049713F /* encoding.c in Sources */ = {isa = PBXBuildFile; fileRef = 0200DABD134278350049713F /* encoding.c */; };
		0200DB0113428A4F0049713F /* login.c in Sources */ = {isa = PBXBuildFile; fileRef = 0200DAC3134278350049713F /* login.c */; };
		0200DB0213428A540049713F /* md5.c in Sources */ = {isa = PBXBuildFile; fileRef = 0200DAC6134278350049713F /* md5.c */; };
		0200DB0313428A5B0049713F /* read.c in Sources */ = {isa = PBXBuildFile; fileRef = 0200DAC9134278350049713F /* read.c */; };
		0200DB0413428A5D0049713F /* tun.c in Sources */ = {isa = PBXBuildFile; fileRef = 0200DACB134278350049713F /* tun.c */; };
		0200DB0613428A660049713F /* util.c in Sources */ = {isa = PBXBuildFile; fileRef = 0200DACF134278350049713F /* util.c */; };
		0200DB0713428DE30049713F /* iodine.c in Sources */ = {isa = PBXBuildFile; fileRef = 0200DAC1134278350049713F /* iodine.c */; };
		0200DB0A13428E560049713F /* tun.c in Sources */ = {isa = PBXBuildFile; fileRef = 0200DACB134278350049713F /* tun.c */; };
		0200DB0B13428E560049713F /* dns.c in Sources */ = {isa = PBXBuildFile; fileRef = 0200DABB134278350049713F /* dns.c */; };
		0200DB0C13428E560049713F /* read.c in Sources */ = {isa = PBXBuildFile; fileRef = 0200DAC9134278350049713F /* read.c */; };
		0200DB0D13428E560049713F /* encoding.c in Sources */ = {isa = PBXBuildFile; fileRef = 0200DABD134278350049713F /* encoding.c */; };
		0200DB0E13428E560049713F /* login.c in Sources */ = {isa = PBXBuildFile; fileRef = 0200DAC3134278350049713F /* login.c */; };
		0200DB0F13428E560049713F /* base32.c in Sources */ = {isa = PBXBuildFile; fileRef = 0200DAB3134278350049713F /* base32.c */; };
		0200DB1013428E560049713F /* base64.c in Sources */ = {isa = PBXBuildFile; fileRef = 0200DAB5134278350049713F /* base64.c */; };
		0200DB1113428E560049713F /* base64u.c in Sources */ = {isa = PBXBuildFile; fileRef = 0200DAF113427F820049713F /* base64u.c */; };
		0200DB1213428E560049713F /* base128.c in Sources */ = {isa = PBXBuildFile; fileRef = 0200DAB1134278350049713F /* base128.c */; };
		0200DB1313428E560049713F /* md5.c in Sources */ = {isa = PBXBuildFile; fileRef = 0200DAC6134278350049713F /* md5.c */; };
		0200DB1413428E560049713F /* common.c in Sources */ = {isa = PBXBuildFile; fileRef = 0200DAB9134278350049713F /* common.c */; };
		0200DB1513428E560049713F /* iodine.c in Sources */ = {isa = PBXBuildFile; fileRef = 0200DAC1134278350049713F /* iodine.c */; };
		0200DB1613428E560049713F /* client.c in Sources */ = {isa = PBXBuildFile; fileRef = 0200DAB7134278350049713F /* client.c */; };
		0200DB1713428E560049713F /* util.c in Sources */ = {isa = PBXBuildFile; fileRef = 0200DACF134278350049713F /* util.c */; };
		0200DB1913428E560049713F /* Foundation.framework in Frameworks */ = {isa = PBXBuildFile; fileRef = 0200DA62134275380049713F /* Foundation.framework */; };
		0200DB211342A2450049713F /* libz.dylib in Frameworks */ = {isa = PBXBuildFile; fileRef = 0200DB201342A2450049713F /* libz.dylib */; };
		0200DB221342A2680049713F /* libz.dylib in Frameworks */ = {isa = PBXBuildFile; fileRef = 0200DB201342A2450049713F /* libz.dylib */; };
		0200DB231342A4FF0049713F /* tun.c in Sources */ = {isa = PBXBuildFile; fileRef = 0200DACB134278350049713F /* tun.c */; };
		0200DB241342A5040049713F /* dns.c in Sources */ = {isa = PBXBuildFile; fileRef = 0200DABB134278350049713F /* dns.c */; };
		0200DB251342A50A0049713F /* read.c in Sources */ = {isa = PBXBuildFile; fileRef = 0200DAC9134278350049713F /* read.c */; };
		0200DB261342A5110049713F /* encoding.c in Sources */ = {isa = PBXBuildFile; fileRef = 0200DABD134278350049713F /* encoding.c */; };
		0200DB271342A5160049713F /* login.c in Sources */ = {isa = PBXBuildFile; fileRef = 0200DAC3134278350049713F /* login.c */; };
		0200DB281342A51F0049713F /* base32.c in Sources */ = {isa = PBXBuildFile; fileRef = 0200DAB3134278350049713F /* base32.c */; };
		0200DB291342A5230049713F /* base64.c in Sources */ = {isa = PBXBuildFile; fileRef = 0200DAB5134278350049713F /* base64.c */; };
		0200DB2A1342A5280049713F /* base128.c in Sources */ = {isa = PBXBuildFile; fileRef = 0200DAB1134278350049713F /* base128.c */; };
		0200DB2B1342A5300049713F /* md5.c in Sources */ = {isa = PBXBuildFile; fileRef = 0200DAC6134278350049713F /* md5.c */; };
		0200DB2C1342A5340049713F /* common.c in Sources */ = {isa = PBXBuildFile; fileRef = 0200DAB9134278350049713F /* common.c */; };
		0200DB2D1342A53C0049713F /* iodine.c in Sources */ = {isa = PBXBuildFile; fileRef = 0200DAC1134278350049713F /* iodine.c */; };
		0200DB2E1342A5420049713F /* client.c in Sources */ = {isa = PBXBuildFile; fileRef = 0200DAB7134278350049713F /* client.c */; };
		0200DB2F1342A54F0049713F /* util.c in Sources */ = {isa = PBXBuildFile; fileRef = 0200DACF134278350049713F /* util.c */; };
		0200DB311342A5600049713F /* libz.dylib in Frameworks */ = {isa = PBXBuildFile; fileRef = 0200DB301342A5600049713F /* libz.dylib */; };
		0200DB331342A6490049713F /* main.m in Sources */ = {isa = PBXBuildFile; fileRef = 0200DAF5134289B20049713F /* main.m */; };
		0200DB341342A64D0049713F /* main.m in Sources */ = {isa = PBXBuildFile; fileRef = 0200DAF5134289B20049713F /* main.m */; };
/* End PBXBuildFile section */

/* Begin PBXContainerItemProxy section */
		0200DA84134275380049713F /* PBXContainerItemProxy */ = {
			isa = PBXContainerItemProxy;
			containerPortal = 0200DA53134275370049713F /* Project object */;
			proxyType = 1;
			remoteGlobalIDString = 0200DA5B134275380049713F;
			remoteInfo = Sodine;
		};
/* End PBXContainerItemProxy section */

/* Begin PBXCopyFilesBuildPhase section */
		0200DAE213427A000049713F /* CopyFiles */ = {
			isa = PBXCopyFilesBuildPhase;
			buildActionMask = 2147483647;
			dstPath = /usr/share/man/man1/;
			dstSubfolderSpec = 0;
			files = (
			);
			runOnlyForDeploymentPostprocessing = 1;
		};
		0200DB1A13428E560049713F /* CopyFiles */ = {
			isa = PBXCopyFilesBuildPhase;
			buildActionMask = 2147483647;
			dstPath = /usr/share/man/man1/;
			dstSubfolderSpec = 0;
			files = (
			);
			runOnlyForDeploymentPostprocessing = 1;
		};
/* End PBXCopyFilesBuildPhase section */

/* Begin PBXFileReference section */
		0200DA5C134275380049713F /* Sodine.app */ = {isa = PBXFileReference; explicitFileType = wrapper.application; includeInIndex = 0; path = Sodine.app; sourceTree = BUILT_PRODUCTS_DIR; };
		0200DA60134275380049713F /* UIKit.framework */ = {isa = PBXFileReference; lastKnownFileType = wrapper.framework; name = UIKit.framework; path = System/Library/Frameworks/UIKit.framework; sourceTree = SDKROOT; };
		0200DA62134275380049713F /* Foundation.framework */ = {isa = PBXFileReference; lastKnownFileType = wrapper.framework; name = Foundation.framework; path = System/Library/Frameworks/Foundation.framework; sourceTree = SDKROOT; };
		0200DA64134275380049713F /* CoreGraphics.framework */ = {isa = PBXFileReference; lastKnownFileType = wrapper.framework; name = CoreGraphics.framework; path = System/Library/Frameworks/CoreGraphics.framework; sourceTree = SDKROOT; };
		0200DA68134275380049713F /* Sodine-Info.plist */ = {isa = PBXFileReference; lastKnownFileType = text.plist.xml; path = "Sodine-Info.plist"; sourceTree = "<group>"; };
		0200DA6A134275380049713F /* en */ = {isa = PBXFileReference; lastKnownFileType = text.plist.strings; name = en; path = en.lproj/InfoPlist.strings; sourceTree = "<group>"; };
		0200DA6C134275380049713F /* Sodine-Prefix.pch */ = {isa = PBXFileReference; lastKnownFileType = sourcecode.c.h; path = "Sodine-Prefix.pch"; sourceTree = "<group>"; };
		0200DA6D134275380049713F /* main.m */ = {isa = PBXFileReference; lastKnownFileType = sourcecode.c.objc; path = main.m; sourceTree = "<group>"; };
		0200DA6F134275380049713F /* SodineAppDelegate.h */ = {isa = PBXFileReference; lastKnownFileType = sourcecode.c.h; path = SodineAppDelegate.h; sourceTree = "<group>"; };
		0200DA70134275380049713F /* SodineAppDelegate.m */ = {isa = PBXFileReference; lastKnownFileType = sourcecode.c.objc; path = SodineAppDelegate.m; sourceTree = "<group>"; };
		0200DA73134275380049713F /* en */ = {isa = PBXFileReference; lastKnownFileType = file.xib; name = en; path = en.lproj/MainWindow.xib; sourceTree = "<group>"; };
		0200DA75134275380049713F /* SodineViewController.h */ = {isa = PBXFileReference; lastKnownFileType = sourcecode.c.h; path = SodineViewController.h; sourceTree = "<group>"; };
		0200DA76134275380049713F /* SodineViewController.m */ = {isa = PBXFileReference; lastKnownFileType = sourcecode.c.objc; path = SodineViewController.m; sourceTree = "<group>"; };
		0200DA79134275380049713F /* en */ = {isa = PBXFileReference; lastKnownFileType = file.xib; name = en; path = en.lproj/SodineViewController.xib; sourceTree = "<group>"; };
		0200DA80134275380049713F /* SodineTests.octest */ = {isa = PBXFileReference; explicitFileType = wrapper.cfbundle; includeInIndex = 0; path = SodineTests.octest; sourceTree = BUILT_PRODUCTS_DIR; };
		0200DA88134275380049713F /* SodineTests-Info.plist */ = {isa = PBXFileReference; lastKnownFileType = text.plist.xml; path = "SodineTests-Info.plist"; sourceTree = "<group>"; };
		0200DA8A134275380049713F /* en */ = {isa = PBXFileReference; lastKnownFileType = text.plist.strings; name = en; path = en.lproj/InfoPlist.strings; sourceTree = "<group>"; };
		0200DA8C134275380049713F /* SodineTests-Prefix.pch */ = {isa = PBXFileReference; lastKnownFileType = sourcecode.c.h; path = "SodineTests-Prefix.pch"; sourceTree = "<group>"; };
		0200DA8D134275380049713F /* SodineTests.h */ = {isa = PBXFileReference; lastKnownFileType = sourcecode.c.h; path = SodineTests.h; sourceTree = "<group>"; };
		0200DA8F134275380049713F /* SodineTests.m */ = {isa = PBXFileReference; lastKnownFileType = sourcecode.c.objc; path = SodineTests.m; sourceTree = "<group>"; };
		0200DAA5134278350049713F /* CHANGELOG */ = {isa = PBXFileReference; lastKnownFileType = text; path = CHANGELOG; sourceTree = "<group>"; };
		0200DAA7134278350049713F /* iodine.te */ = {isa = PBXFileReference; lastKnownFileType = text; path = iodine.te; sourceTree = "<group>"; };
		0200DAA8134278350049713F /* proto_00000402.txt */ = {isa = PBXFileReference; lastKnownFileType = text; path = proto_00000402.txt; sourceTree = "<group>"; };
		0200DAA9134278350049713F /* proto_00000500.txt */ = {isa = PBXFileReference; lastKnownFileType = text; path = proto_00000500.txt; sourceTree = "<group>"; };
		0200DAAA134278350049713F /* proto_00000502.txt */ = {isa = PBXFileReference; lastKnownFileType = text; path = proto_00000502.txt; sourceTree = "<group>"; };
		0200DAAB134278350049713F /* Makefile */ = {isa = PBXFileReference; lastKnownFileType = sourcecode.make; path = Makefile; sourceTree = "<group>"; };
		0200DAAD134278350049713F /* iodine.8 */ = {isa = PBXFileReference; lastKnownFileType = text; path = iodine.8; sourceTree = "<group>"; };
		0200DAAE134278350049713F /* README */ = {isa = PBXFileReference; lastKnownFileType = text; path = README; sourceTree = "<group>"; };
		0200DAAF134278350049713F /* README-win32.txt */ = {isa = PBXFileReference; lastKnownFileType = text; path = "README-win32.txt"; sourceTree = "<group>"; };
		0200DAB1134278350049713F /* base128.c */ = {isa = PBXFileReference; lastKnownFileType = sourcecode.c.c; path = base128.c; sourceTree = "<group>"; };
		0200DAB2134278350049713F /* base128.h */ = {isa = PBXFileReference; lastKnownFileType = sourcecode.c.h; path = base128.h; sourceTree = "<group>"; };
		0200DAB3134278350049713F /* base32.c */ = {isa = PBXFileReference; lastKnownFileType = sourcecode.c.c; path = base32.c; sourceTree = "<group>"; };
		0200DAB4134278350049713F /* base32.h */ = {isa = PBXFileReference; lastKnownFileType = sourcecode.c.h; path = base32.h; sourceTree = "<group>"; };
		0200DAB5134278350049713F /* base64.c */ = {isa = PBXFileReference; lastKnownFileType = sourcecode.c.c; path = base64.c; sourceTree = "<group>"; };
		0200DAB6134278350049713F /* base64.h */ = {isa = PBXFileReference; lastKnownFileType = sourcecode.c.h; path = base64.h; sourceTree = "<group>"; };
		0200DAB7134278350049713F /* client.c */ = {isa = PBXFileReference; lastKnownFileType = sourcecode.c.c; path = client.c; sourceTree = "<group>"; };
		0200DAB8134278350049713F /* client.h */ = {isa = PBXFileReference; lastKnownFileType = sourcecode.c.h; path = client.h; sourceTree = "<group>"; };
		0200DAB9134278350049713F /* common.c */ = {isa = PBXFileReference; lastKnownFileType = sourcecode.c.c; path = common.c; sourceTree = "<group>"; };
		0200DABA134278350049713F /* common.h */ = {isa = PBXFileReference; lastKnownFileType = sourcecode.c.h; path = common.h; sourceTree = "<group>"; };
		0200DABB134278350049713F /* dns.c */ = {isa = PBXFileReference; lastKnownFileType = sourcecode.c.c; path = dns.c; sourceTree = "<group>"; };
		0200DABC134278350049713F /* dns.h */ = {isa = PBXFileReference; lastKnownFileType = sourcecode.c.h; path = dns.h; sourceTree = "<group>"; };
		0200DABD134278350049713F /* encoding.c */ = {isa = PBXFileReference; lastKnownFileType = sourcecode.c.c; path = encoding.c; sourceTree = "<group>"; };
		0200DABE134278350049713F /* encoding.h */ = {isa = PBXFileReference; lastKnownFileType = sourcecode.c.h; path = encoding.h; sourceTree = "<group>"; };
		0200DABF134278350049713F /* fw_query.c */ = {isa = PBXFileReference; lastKnownFileType = sourcecode.c.c; path = fw_query.c; sourceTree = "<group>"; };
		0200DAC0134278350049713F /* fw_query.h */ = {isa = PBXFileReference; lastKnownFileType = sourcecode.c.h; path = fw_query.h; sourceTree = "<group>"; };
		0200DAC1134278350049713F /* iodine.c */ = {isa = PBXFileReference; lastKnownFileType = sourcecode.c.c; path = iodine.c; sourceTree = "<group>"; };
		0200DAC2134278350049713F /* iodined.c */ = {isa = PBXFileReference; lastKnownFileType = sourcecode.c.c; path = iodined.c; sourceTree = "<group>"; };
		0200DAC3134278350049713F /* login.c */ = {isa = PBXFileReference; lastKnownFileType = sourcecode.c.c; path = login.c; sourceTree = "<group>"; };
		0200DAC4134278350049713F /* login.h */ = {isa = PBXFileReference; lastKnownFileType = sourcecode.c.h; path = login.h; sourceTree = "<group>"; };
		0200DAC5134278350049713F /* Makefile */ = {isa = PBXFileReference; lastKnownFileType = sourcecode.make; path = Makefile; sourceTree = "<group>"; };
		0200DAC6134278350049713F /* md5.c */ = {isa = PBXFileReference; lastKnownFileType = sourcecode.c.c; path = md5.c; sourceTree = "<group>"; };
		0200DAC7134278350049713F /* md5.h */ = {isa = PBXFileReference; lastKnownFileType = sourcecode.c.h; path = md5.h; sourceTree = "<group>"; };
		0200DAC8134278350049713F /* osflags */ = {isa = PBXFileReference; lastKnownFileType = text.script.sh; path = osflags; sourceTree = "<group>"; };
		0200DAC9134278350049713F /* read.c */ = {isa = PBXFileReference; lastKnownFileType = sourcecode.c.c; path = read.c; sourceTree = "<group>"; };
		0200DACA134278350049713F /* read.h */ = {isa = PBXFileReference; lastKnownFileType = sourcecode.c.h; path = read.h; sourceTree = "<group>"; };
		0200DACB134278350049713F /* tun.c */ = {isa = PBXFileReference; lastKnownFileType = sourcecode.c.c; path = tun.c; sourceTree = "<group>"; };
		0200DACC134278350049713F /* tun.h */ = {isa = PBXFileReference; lastKnownFileType = sourcecode.c.h; path = tun.h; sourceTree = "<group>"; };
		0200DACD134278350049713F /* user.c */ = {isa = PBXFileReference; lastKnownFileType = sourcecode.c.c; path = user.c; sourceTree = "<group>"; };
		0200DACE134278350049713F /* user.h */ = {isa = PBXFileReference; lastKnownFileType = sourcecode.c.h; path = user.h; sourceTree = "<group>"; };
		0200DACF134278350049713F /* util.c */ = {isa = PBXFileReference; lastKnownFileType = sourcecode.c.c; path = util.c; sourceTree = "<group>"; };
		0200DAD0134278350049713F /* util.h */ = {isa = PBXFileReference; lastKnownFileType = sourcecode.c.h; path = util.h; sourceTree = "<group>"; };
		0200DAD1134278350049713F /* version.h */ = {isa = PBXFileReference; lastKnownFileType = sourcecode.c.h; path = version.h; sourceTree = "<group>"; };
		0200DAD2134278350049713F /* windows.h */ = {isa = PBXFileReference; lastKnownFileType = sourcecode.c.h; path = windows.h; sourceTree = "<group>"; };
		0200DAD4134278350049713F /* base32.c */ = {isa = PBXFileReference; lastKnownFileType = sourcecode.c.c; path = base32.c; sourceTree = "<group>"; };
		0200DAD5134278350049713F /* base64.c */ = {isa = PBXFileReference; lastKnownFileType = sourcecode.c.c; path = base64.c; sourceTree = "<group>"; };
		0200DAD6134278350049713F /* dns.c */ = {isa = PBXFileReference; lastKnownFileType = sourcecode.c.c; path = dns.c; sourceTree = "<group>"; };
		0200DAD7134278350049713F /* encoding.c */ = {isa = PBXFileReference; lastKnownFileType = sourcecode.c.c; path = encoding.c; sourceTree = "<group>"; };
		0200DAD8134278350049713F /* fw_query.c */ = {isa = PBXFileReference; lastKnownFileType = sourcecode.c.c; path = fw_query.c; sourceTree = "<group>"; };
		0200DAD9134278350049713F /* login.c */ = {isa = PBXFileReference; lastKnownFileType = sourcecode.c.c; path = login.c; sourceTree = "<group>"; };
		0200DADA134278350049713F /* Makefile */ = {isa = PBXFileReference; lastKnownFileType = sourcecode.make; path = Makefile; sourceTree = "<group>"; };
		0200DADB134278350049713F /* read.c */ = {isa = PBXFileReference; lastKnownFileType = sourcecode.c.c; path = read.c; sourceTree = "<group>"; };
		0200DADC134278350049713F /* test.c */ = {isa = PBXFileReference; lastKnownFileType = sourcecode.c.c; path = test.c; sourceTree = "<group>"; };
		0200DADD134278350049713F /* test.h */ = {isa = PBXFileReference; lastKnownFileType = sourcecode.c.h; path = test.h; sourceTree = "<group>"; };
		0200DADE134278350049713F /* user.c */ = {isa = PBXFileReference; lastKnownFileType = sourcecode.c.c; path = user.c; sourceTree = "<group>"; };
		0200DADF134278350049713F /* TODO */ = {isa = PBXFileReference; lastKnownFileType = text; path = TODO; sourceTree = "<group>"; };
		0200DAE413427A000049713F /* test-iodine */ = {isa = PBXFileReference; explicitFileType = "compiled.mach-o.executable"; includeInIndex = 0; path = "test-iodine"; sourceTree = BUILT_PRODUCTS_DIR; };
		0200DAE813427A000049713F /* main.m */ = {isa = PBXFileReference; lastKnownFileType = sourcecode.c.objc; path = main.m; sourceTree = "<group>"; };
		0200DAEB13427A000049713F /* test-iodined-Prefix.pch */ = {isa = PBXFileReference; lastKnownFileType = sourcecode.c.h; path = "test-iodined-Prefix.pch"; sourceTree = "<group>"; };
		0200DAEC13427A000049713F /* test_iodined.1 */ = {isa = PBXFileReference; lastKnownFileType = text.man; path = test_iodined.1; sourceTree = "<group>"; };
		0200DAF113427F820049713F /* base64u.c */ = {isa = PBXFileReference; fileEncoding = 4; lastKnownFileType = sourcecode.c.c; path = base64u.c; sourceTree = "<group>"; };
		0200DAF213427F820049713F /* base64u.h */ = {isa = PBXFileReference; fileEncoding = 4; lastKnownFileType = sourcecode.c.h; path = base64u.h; sourceTree = "<group>"; };
		0200DAF5134289B20049713F /* main.m */ = {isa = PBXFileReference; lastKnownFileType = sourcecode.c.objc; path = main.m; sourceTree = "<group>"; };
		0200DAF6134289B20049713F /* test-iodined-Prefix.pch */ = {isa = PBXFileReference; lastKnownFileType = sourcecode.c.h; path = "test-iodined-Prefix.pch"; sourceTree = "<group>"; };
		0200DAF7134289B20049713F /* test_iodined.1 */ = {isa = PBXFileReference; lastKnownFileType = text.man; path = test_iodined.1; sourceTree = "<group>"; };
		0200DB1E13428E560049713F /* test-iodined copy */ = {isa = PBXFileReference; explicitFileType = "compiled.mach-o.executable"; includeInIndex = 0; path = "test-iodined copy"; sourceTree = BUILT_PRODUCTS_DIR; };
		0200DB201342A2450049713F /* libz.dylib */ = {isa = PBXFileReference; lastKnownFileType = "compiled.mach-o.dylib"; name = libz.dylib; path = SDKs/MacOSX10.6.sdk/usr/lib/libz.dylib; sourceTree = DEVELOPER_DIR; };
		0200DB301342A5600049713F /* libz.dylib */ = {isa = PBXFileReference; lastKnownFileType = "compiled.mach-o.dylib"; name = libz.dylib; path = usr/lib/libz.dylib; sourceTree = SDKROOT; };
/* End PBXFileReference section */

/* Begin PBXFrameworksBuildPhase section */
		0200DA59134275380049713F /* Frameworks */ = {
			isa = PBXFrameworksBuildPhase;
			buildActionMask = 2147483647;
			files = (
				0200DB311342A5600049713F /* libz.dylib in Frameworks */,
				0200DA61134275380049713F /* UIKit.framework in Frameworks */,
				0200DA63134275380049713F /* Foundation.framework in Frameworks */,
				0200DA65134275380049713F /* CoreGraphics.framework in Frameworks */,
			);
			runOnlyForDeploymentPostprocessing = 0;
		};
		0200DA7C134275380049713F /* Frameworks */ = {
			isa = PBXFrameworksBuildPhase;
			buildActionMask = 2147483647;
			files = (
				0200DA81134275380049713F /* UIKit.framework in Frameworks */,
				0200DA82134275380049713F /* Foundation.framework in Frameworks */,
				0200DA83134275380049713F /* CoreGraphics.framework in Frameworks */,
			);
			runOnlyForDeploymentPostprocessing = 0;
		};
		0200DAE113427A000049713F /* Frameworks */ = {
			isa = PBXFrameworksBuildPhase;
			buildActionMask = 2147483647;
			files = (
				0200DB211342A2450049713F /* libz.dylib in Frameworks */,
				0200DAE613427A000049713F /* Foundation.framework in Frameworks */,
			);
			runOnlyForDeploymentPostprocessing = 0;
		};
		0200DB1813428E560049713F /* Frameworks */ = {
			isa = PBXFrameworksBuildPhase;
			buildActionMask = 2147483647;
			files = (
				0200DB1913428E560049713F /* Foundation.framework in Frameworks */,
				0200DB221342A2680049713F /* libz.dylib in Frameworks */,
			);
			runOnlyForDeploymentPostprocessing = 0;
		};
/* End PBXFrameworksBuildPhase section */

/* Begin PBXGroup section */
		0200DA51134275370049713F = {
			isa = PBXGroup;
			children = (
				0200DAF4134289B20049713F /* test-iodined */,
				0200DA66134275380049713F /* Sodine */,
				0200DA86134275380049713F /* SodineTests */,
				0200DAE713427A000049713F /* test-iodined */,
				0200DAA1134276810049713F /* Libraries */,
				0200DA5F134275380049713F /* Frameworks */,
				0200DA5D134275380049713F /* Products */,
			);
			sourceTree = "<group>";
		};
		0200DA5D134275380049713F /* Products */ = {
			isa = PBXGroup;
			children = (
				0200DA5C134275380049713F /* Sodine.app */,
				0200DA80134275380049713F /* SodineTests.octest */,
				0200DAE413427A000049713F /* test-iodine */,
				0200DB1E13428E560049713F /* test-iodined copy */,
			);
			name = Products;
			sourceTree = "<group>";
		};
		0200DA5F134275380049713F /* Frameworks */ = {
			isa = PBXGroup;
			children = (
				0200DB321342A5760049713F /* iOS */,
				0200DB201342A2450049713F /* libz.dylib */,
				0200DA62134275380049713F /* Foundation.framework */,
				0200DA64134275380049713F /* CoreGraphics.framework */,
			);
			name = Frameworks;
			sourceTree = "<group>";
		};
		0200DA66134275380049713F /* Sodine */ = {
			isa = PBXGroup;
			children = (
				0200DA6F134275380049713F /* SodineAppDelegate.h */,
				0200DA70134275380049713F /* SodineAppDelegate.m */,
				0200DA72134275380049713F /* MainWindow.xib */,
				0200DA75134275380049713F /* SodineViewController.h */,
				0200DA76134275380049713F /* SodineViewController.m */,
				0200DA78134275380049713F /* SodineViewController.xib */,
				0200DA67134275380049713F /* Supporting Files */,
			);
			path = Sodine;
			sourceTree = "<group>";
		};
		0200DA67134275380049713F /* Supporting Files */ = {
			isa = PBXGroup;
			children = (
				0200DA68134275380049713F /* Sodine-Info.plist */,
				0200DA69134275380049713F /* InfoPlist.strings */,
				0200DA6C134275380049713F /* Sodine-Prefix.pch */,
				0200DA6D134275380049713F /* main.m */,
			);
			name = "Supporting Files";
			sourceTree = "<group>";
		};
		0200DA86134275380049713F /* SodineTests */ = {
			isa = PBXGroup;
			children = (
				0200DA8D134275380049713F /* SodineTests.h */,
				0200DA8F134275380049713F /* SodineTests.m */,
				0200DA87134275380049713F /* Supporting Files */,
			);
			path = SodineTests;
			sourceTree = "<group>";
		};
		0200DA87134275380049713F /* Supporting Files */ = {
			isa = PBXGroup;
			children = (
				0200DA88134275380049713F /* SodineTests-Info.plist */,
				0200DA89134275380049713F /* InfoPlist.strings */,
				0200DA8C134275380049713F /* SodineTests-Prefix.pch */,
			);
			name = "Supporting Files";
			sourceTree = "<group>";
		};
		0200DAA1134276810049713F /* Libraries */ = {
			isa = PBXGroup;
			children = (
				0200DAA3134276AC0049713F /* iodine */,
			);
			path = Libraries;
			sourceTree = "<group>";
		};
		0200DAA3134276AC0049713F /* iodine */ = {
			isa = PBXGroup;
			children = (
				0200DAA5134278350049713F /* CHANGELOG */,
				0200DAA6134278350049713F /* doc */,
				0200DAAB134278350049713F /* Makefile */,
				0200DAAC134278350049713F /* man */,
				0200DAAE134278350049713F /* README */,
				0200DAAF134278350049713F /* README-win32.txt */,
				0200DAB0134278350049713F /* src */,
				0200DAD3134278350049713F /* tests */,
				0200DADF134278350049713F /* TODO */,
			);
			path = iodine;
			sourceTree = "<group>";
		};
		0200DAA6134278350049713F /* doc */ = {
			isa = PBXGroup;
			children = (
				0200DAA7134278350049713F /* iodine.te */,
				0200DAA8134278350049713F /* proto_00000402.txt */,
				0200DAA9134278350049713F /* proto_00000500.txt */,
				0200DAAA134278350049713F /* proto_00000502.txt */,
			);
			path = doc;
			sourceTree = "<group>";
		};
		0200DAAC134278350049713F /* man */ = {
			isa = PBXGroup;
			children = (
				0200DAAD134278350049713F /* iodine.8 */,
			);
			path = man;
			sourceTree = "<group>";
		};
		0200DAB0134278350049713F /* src */ = {
			isa = PBXGroup;
			children = (
				0200DAF113427F820049713F /* base64u.c */,
				0200DAF213427F820049713F /* base64u.h */,
				0200DAB1134278350049713F /* base128.c */,
				0200DAB2134278350049713F /* base128.h */,
				0200DAB3134278350049713F /* base32.c */,
				0200DAB4134278350049713F /* base32.h */,
				0200DAB5134278350049713F /* base64.c */,
				0200DAB6134278350049713F /* base64.h */,
				0200DAB7134278350049713F /* client.c */,
				0200DAB8134278350049713F /* client.h */,
				0200DAB9134278350049713F /* common.c */,
				0200DABA134278350049713F /* common.h */,
				0200DABB134278350049713F /* dns.c */,
				0200DABC134278350049713F /* dns.h */,
				0200DABD134278350049713F /* encoding.c */,
				0200DABE134278350049713F /* encoding.h */,
				0200DABF134278350049713F /* fw_query.c */,
				0200DAC0134278350049713F /* fw_query.h */,
				0200DAC1134278350049713F /* iodine.c */,
				0200DAC2134278350049713F /* iodined.c */,
				0200DAC3134278350049713F /* login.c */,
				0200DAC4134278350049713F /* login.h */,
				0200DAC5134278350049713F /* Makefile */,
				0200DAC6134278350049713F /* md5.c */,
				0200DAC7134278350049713F /* md5.h */,
				0200DAC8134278350049713F /* osflags */,
				0200DAC9134278350049713F /* read.c */,
				0200DACA134278350049713F /* read.h */,
				0200DACB134278350049713F /* tun.c */,
				0200DACC134278350049713F /* tun.h */,
				0200DACD134278350049713F /* user.c */,
				0200DACE134278350049713F /* user.h */,
				0200DACF134278350049713F /* util.c */,
				0200DAD0134278350049713F /* util.h */,
				0200DAD1134278350049713F /* version.h */,
				0200DAD2134278350049713F /* windows.h */,
			);
			path = src;
			sourceTree = "<group>";
		};
		0200DAD3134278350049713F /* tests */ = {
			isa = PBXGroup;
			children = (
				0200DAD4134278350049713F /* base32.c */,
				0200DAD5134278350049713F /* base64.c */,
				0200DAD6134278350049713F /* dns.c */,
				0200DAD7134278350049713F /* encoding.c */,
				0200DAD8134278350049713F /* fw_query.c */,
				0200DAD9134278350049713F /* login.c */,
				0200DADA134278350049713F /* Makefile */,
				0200DADB134278350049713F /* read.c */,
				0200DADC134278350049713F /* test.c */,
				0200DADD134278350049713F /* test.h */,
				0200DADE134278350049713F /* user.c */,
			);
			path = tests;
			sourceTree = "<group>";
		};
		0200DAE713427A000049713F /* test-iodined */ = {
			isa = PBXGroup;
			children = (
				0200DAE813427A000049713F /* main.m */,
				0200DAEC13427A000049713F /* test_iodined.1 */,
				0200DAEA13427A000049713F /* Supporting Files */,
			);
			path = "test-iodined";
			sourceTree = "<group>";
		};
		0200DAEA13427A000049713F /* Supporting Files */ = {
			isa = PBXGroup;
			children = (
				0200DAEB13427A000049713F /* test-iodined-Prefix.pch */,
			);
			name = "Supporting Files";
			sourceTree = "<group>";
		};
		0200DAF4134289B20049713F /* test-iodined */ = {
			isa = PBXGroup;
			children = (
				0200DAF5134289B20049713F /* main.m */,
				0200DAF6134289B20049713F /* test-iodined-Prefix.pch */,
				0200DAF7134289B20049713F /* test_iodined.1 */,
			);
			path = "test-iodined";
			sourceTree = "<group>";
		};
		0200DB321342A5760049713F /* iOS */ = {
			isa = PBXGroup;
			children = (
				0200DB301342A5600049713F /* libz.dylib */,
				0200DA60134275380049713F /* UIKit.framework */,
			);
			name = iOS;
			sourceTree = "<group>";
		};
/* End PBXGroup section */

/* Begin PBXNativeTarget section */
		0200DA5B134275380049713F /* Sodine */ = {
			isa = PBXNativeTarget;
			buildConfigurationList = 0200DA93134275380049713F /* Build configuration list for PBXNativeTarget "Sodine" */;
			buildPhases = (
				0200DA58134275380049713F /* Sources */,
				0200DA59134275380049713F /* Frameworks */,
				0200DA5A134275380049713F /* Resources */,
			);
			buildRules = (
			);
			dependencies = (
			);
			name = Sodine;
			productName = Sodine;
			productReference = 0200DA5C134275380049713F /* Sodine.app */;
			productType = "com.apple.product-type.application";
		};
		0200DA7F134275380049713F /* SodineTests */ = {
			isa = PBXNativeTarget;
			buildConfigurationList = 0200DA96134275380049713F /* Build configuration list for PBXNativeTarget "SodineTests" */;
			buildPhases = (
				0200DA7B134275380049713F /* Sources */,
				0200DA7C134275380049713F /* Frameworks */,
				0200DA7D134275380049713F /* Resources */,
				0200DA7E134275380049713F /* ShellScript */,
			);
			buildRules = (
			);
			dependencies = (
				0200DA85134275380049713F /* PBXTargetDependency */,
			);
			name = SodineTests;
			productName = SodineTests;
			productReference = 0200DA80134275380049713F /* SodineTests.octest */;
			productType = "com.apple.product-type.bundle";
		};
		0200DAE313427A000049713F /* test-iodine */ = {
			isa = PBXNativeTarget;
			buildConfigurationList = 0200DAED13427A000049713F /* Build configuration list for PBXNativeTarget "test-iodine" */;
			buildPhases = (
				0200DAE013427A000049713F /* Sources */,
				0200DAE113427A000049713F /* Frameworks */,
				0200DAE213427A000049713F /* CopyFiles */,
			);
			buildRules = (
			);
			dependencies = (
			);
			name = "test-iodine";
			productName = "test-iodined";
			productReference = 0200DAE413427A000049713F /* test-iodine */;
			productType = "com.apple.product-type.tool";
		};
		0200DB0813428E560049713F /* test-iodined */ = {
			isa = PBXNativeTarget;
			buildConfigurationList = 0200DB1B13428E560049713F /* Build configuration list for PBXNativeTarget "test-iodined" */;
			buildPhases = (
				0200DB0913428E560049713F /* Sources */,
				0200DB1813428E560049713F /* Frameworks */,
				0200DB1A13428E560049713F /* CopyFiles */,
			);
			buildRules = (
			);
			dependencies = (
			);
			name = "test-iodined";
			productName = "test-iodined";
			productReference = 0200DB1E13428E560049713F /* test-iodined copy */;
			productType = "com.apple.product-type.tool";
		};
/* End PBXNativeTarget section */

/* Begin PBXProject section */
		0200DA53134275370049713F /* Project object */ = {
			isa = PBXProject;
			buildConfigurationList = 0200DA56134275370049713F /* Build configuration list for PBXProject "Sodine" */;
			compatibilityVersion = "Xcode 3.2";
			developmentRegion = English;
			hasScannedForEncodings = 0;
			knownRegions = (
				en,
			);
			mainGroup = 0200DA51134275370049713F;
			productRefGroup = 0200DA5D134275380049713F /* Products */;
			projectDirPath = "";
			projectRoot = "";
			targets = (
				0200DA5B134275380049713F /* Sodine */,
				0200DA7F134275380049713F /* SodineTests */,
				0200DAE313427A000049713F /* test-iodine */,
				0200DB0813428E560049713F /* test-iodined */,
			);
		};
/* End PBXProject section */

/* Begin PBXResourcesBuildPhase section */
		0200DA5A134275380049713F /* Resources */ = {
			isa = PBXResourcesBuildPhase;
			buildActionMask = 2147483647;
			files = (
				0200DA6B134275380049713F /* InfoPlist.strings in Resources */,
				0200DA74134275380049713F /* MainWindow.xib in Resources */,
				0200DA7A134275380049713F /* SodineViewController.xib in Resources */,
			);
			runOnlyForDeploymentPostprocessing = 0;
		};
		0200DA7D134275380049713F /* Resources */ = {
			isa = PBXResourcesBuildPhase;
			buildActionMask = 2147483647;
			files = (
				0200DA8B134275380049713F /* InfoPlist.strings in Resources */,
				0200DA8E134275380049713F /* SodineTests.h in Resources */,
			);
			runOnlyForDeploymentPostprocessing = 0;
		};
/* End PBXResourcesBuildPhase section */

/* Begin PBXShellScriptBuildPhase section */
		0200DA7E134275380049713F /* ShellScript */ = {
			isa = PBXShellScriptBuildPhase;
			buildActionMask = 2147483647;
			files = (
			);
			inputPaths = (
			);
			outputPaths = (
			);
			runOnlyForDeploymentPostprocessing = 0;
			shellPath = /bin/sh;
			shellScript = "# Run the unit tests in this test bundle.\n\"${SYSTEM_DEVELOPER_DIR}/Tools/RunUnitTests\"\n";
		};
/* End PBXShellScriptBuildPhase section */

/* Begin PBXSourcesBuildPhase section */
		0200DA58134275380049713F /* Sources */ = {
			isa = PBXSourcesBuildPhase;
			buildActionMask = 2147483647;
			files = (
				0200DA6E134275380049713F /* main.m in Sources */,
				0200DA71134275380049713F /* SodineAppDelegate.m in Sources */,
				0200DA77134275380049713F /* SodineViewController.m in Sources */,
				0200DB231342A4FF0049713F /* tun.c in Sources */,
				0200DB241342A5040049713F /* dns.c in Sources */,
				0200DB251342A50A0049713F /* read.c in Sources */,
				0200DB261342A5110049713F /* encoding.c in Sources */,
				0200DB271342A5160049713F /* login.c in Sources */,
				0200DB281342A51F0049713F /* base32.c in Sources */,
				0200DB291342A5230049713F /* base64.c in Sources */,
				0200DAF313427F820049713F /* base64u.c in Sources */,
				0200DB2A1342A5280049713F /* base128.c in Sources */,
				0200DB2B1342A5300049713F /* md5.c in Sources */,
				0200DB2C1342A5340049713F /* common.c in Sources */,
				0200DB2D1342A53C0049713F /* iodine.c in Sources */,
				0200DB2E1342A5420049713F /* client.c in Sources */,
				0200DB2F1342A54F0049713F /* util.c in Sources */,
			);
			runOnlyForDeploymentPostprocessing = 0;
		};
		0200DA7B134275380049713F /* Sources */ = {
			isa = PBXSourcesBuildPhase;
			buildActionMask = 2147483647;
			files = (
				0200DA90134275380049713F /* SodineTests.m in Sources */,
			);
			runOnlyForDeploymentPostprocessing = 0;
		};
		0200DAE013427A000049713F /* Sources */ = {
			isa = PBXSourcesBuildPhase;
			buildActionMask = 2147483647;
			files = (
				0200DB331342A6490049713F /* main.m in Sources */,
				0200DB0413428A5D0049713F /* tun.c in Sources */,
				0200DAFE13428A2A0049713F /* dns.c in Sources */,
				0200DB0313428A5B0049713F /* read.c in Sources */,
				0200DAFF13428A300049713F /* encoding.c in Sources */,
				0200DB0113428A4F0049713F /* login.c in Sources */,
				0200DAF8134289EA0049713F /* base32.c in Sources */,
				0200DAFA13428A130049713F /* base64.c in Sources */,
				0200DAFB13428A190049713F /* base64u.c in Sources */,
				0200DAF913428A0D0049713F /* base128.c in Sources */,
				0200DB0213428A540049713F /* md5.c in Sources */,
				0200DAFD13428A250049713F /* common.c in Sources */,
				0200DB0713428DE30049713F /* iodine.c in Sources */,
				0200DAFC13428A200049713F /* client.c in Sources */,
				0200DB0613428A660049713F /* util.c in Sources */,
			);
			runOnlyForDeploymentPostprocessing = 0;
		};
		0200DB0913428E560049713F /* Sources */ = {
			isa = PBXSourcesBuildPhase;
			buildActionMask = 2147483647;
			files = (
				0200DB341342A64D0049713F /* main.m in Sources */,
				0200DB0A13428E560049713F /* tun.c in Sources */,
				0200DB0B13428E560049713F /* dns.c in Sources */,
				0200DB0C13428E560049713F /* read.c in Sources */,
				0200DB0D13428E560049713F /* encoding.c in Sources */,
				0200DB0E13428E560049713F /* login.c in Sources */,
				0200DB0F13428E560049713F /* base32.c in Sources */,
				0200DB1013428E560049713F /* base64.c in Sources */,
				0200DB1113428E560049713F /* base64u.c in Sources */,
				0200DB1213428E560049713F /* base128.c in Sources */,
				0200DB1313428E560049713F /* md5.c in Sources */,
				0200DB1413428E560049713F /* common.c in Sources */,
				0200DB1513428E560049713F /* iodine.c in Sources */,
				0200DB1613428E560049713F /* client.c in Sources */,
				0200DB1713428E560049713F /* util.c in Sources */,
			);
			runOnlyForDeploymentPostprocessing = 0;
		};
/* End PBXSourcesBuildPhase section */

/* Begin PBXTargetDependency section */
		0200DA85134275380049713F /* PBXTargetDependency */ = {
			isa = PBXTargetDependency;
			target = 0200DA5B134275380049713F /* Sodine */;
			targetProxy = 0200DA84134275380049713F /* PBXContainerItemProxy */;
		};
/* End PBXTargetDependency section */

/* Begin PBXVariantGroup section */
		0200DA69134275380049713F /* InfoPlist.strings */ = {
			isa = PBXVariantGroup;
			children = (
				0200DA6A134275380049713F /* en */,
			);
			name = InfoPlist.strings;
			sourceTree = "<group>";
		};
		0200DA72134275380049713F /* MainWindow.xib */ = {
			isa = PBXVariantGroup;
			children = (
				0200DA73134275380049713F /* en */,
			);
			name = MainWindow.xib;
			sourceTree = "<group>";
		};
		0200DA78134275380049713F /* SodineViewController.xib */ = {
			isa = PBXVariantGroup;
			children = (
				0200DA79134275380049713F /* en */,
			);
			name = SodineViewController.xib;
			sourceTree = "<group>";
		};
		0200DA89134275380049713F /* InfoPlist.strings */ = {
			isa = PBXVariantGroup;
			children = (
				0200DA8A134275380049713F /* en */,
			);
			name = InfoPlist.strings;
			sourceTree = "<group>";
		};
/* End PBXVariantGroup section */

/* Begin XCBuildConfiguration section */
		0200DA91134275380049713F /* Debug */ = {
			isa = XCBuildConfiguration;
			buildSettings = {
				ARCHS = "$(ARCHS_STANDARD_32_BIT)";
				"CODE_SIGN_IDENTITY[sdk=iphoneos*]" = "iPhone Developer";
				GCC_C_LANGUAGE_STANDARD = gnu99;
				GCC_OPTIMIZATION_LEVEL = 0;
				GCC_PREPROCESSOR_DEFINITIONS = DEBUG;
				GCC_SYMBOLS_PRIVATE_EXTERN = NO;
				GCC_VERSION = com.apple.compilers.llvmgcc42;
				GCC_WARN_ABOUT_RETURN_TYPE = YES;
				GCC_WARN_UNUSED_VARIABLE = YES;
				IPHONEOS_DEPLOYMENT_TARGET = 4.3;
				SDKROOT = iphoneos;
			};
			name = Debug;
		};
		0200DA92134275380049713F /* Release */ = {
			isa = XCBuildConfiguration;
			buildSettings = {
				ARCHS = "$(ARCHS_STANDARD_32_BIT)";
				"CODE_SIGN_IDENTITY[sdk=iphoneos*]" = "iPhone Developer";
				GCC_C_LANGUAGE_STANDARD = gnu99;
				GCC_VERSION = com.apple.compilers.llvmgcc42;
				GCC_WARN_ABOUT_RETURN_TYPE = YES;
				GCC_WARN_UNUSED_VARIABLE = YES;
				IPHONEOS_DEPLOYMENT_TARGET = 4.3;
				OTHER_CFLAGS = "-DNS_BLOCK_ASSERTIONS=1";
				SDKROOT = iphoneos;
			};
			name = Release;
		};
		0200DA94134275380049713F /* Debug */ = {
			isa = XCBuildConfiguration;
			buildSettings = {
				ALWAYS_SEARCH_USER_PATHS = NO;
				COPY_PHASE_STRIP = NO;
				GCC_DYNAMIC_NO_PIC = NO;
				GCC_PRECOMPILE_PREFIX_HEADER = YES;
				GCC_PREFIX_HEADER = "Sodine/Sodine-Prefix.pch";
				INFOPLIST_FILE = "Sodine/Sodine-Info.plist";
				PRODUCT_NAME = "$(TARGET_NAME)";
				WRAPPER_EXTENSION = app;
			};
			name = Debug;
		};
		0200DA95134275380049713F /* Release */ = {
			isa = XCBuildConfiguration;
			buildSettings = {
				ALWAYS_SEARCH_USER_PATHS = NO;
				COPY_PHASE_STRIP = YES;
				GCC_PRECOMPILE_PREFIX_HEADER = YES;
				GCC_PREFIX_HEADER = "Sodine/Sodine-Prefix.pch";
				INFOPLIST_FILE = "Sodine/Sodine-Info.plist";
				PRODUCT_NAME = "$(TARGET_NAME)";
				VALIDATE_PRODUCT = YES;
				WRAPPER_EXTENSION = app;
			};
			name = Release;
		};
		0200DA97134275380049713F /* Debug */ = {
			isa = XCBuildConfiguration;
			buildSettings = {
				ALWAYS_SEARCH_USER_PATHS = NO;
				BUNDLE_LOADER = "$(BUILT_PRODUCTS_DIR)/Sodine.app/Sodine";
				FRAMEWORK_SEARCH_PATHS = (
					"$(SDKROOT)/Developer/Library/Frameworks",
					"$(DEVELOPER_LIBRARY_DIR)/Frameworks",
				);
				GCC_PRECOMPILE_PREFIX_HEADER = YES;
				GCC_PREFIX_HEADER = "SodineTests/SodineTests-Prefix.pch";
				INFOPLIST_FILE = "SodineTests/SodineTests-Info.plist";
				OTHER_LDFLAGS = (
					"-framework",
					SenTestingKit,
				);
				PRODUCT_NAME = "$(TARGET_NAME)";
				TEST_HOST = "$(BUNDLE_LOADER)";
				WRAPPER_EXTENSION = octest;
			};
			name = Debug;
		};
		0200DA98134275380049713F /* Release */ = {
			isa = XCBuildConfiguration;
			buildSettings = {
				ALWAYS_SEARCH_USER_PATHS = NO;
				BUNDLE_LOADER = "$(BUILT_PRODUCTS_DIR)/Sodine.app/Sodine";
				FRAMEWORK_SEARCH_PATHS = (
					"$(SDKROOT)/Developer/Library/Frameworks",
					"$(DEVELOPER_LIBRARY_DIR)/Frameworks",
				);
				GCC_PRECOMPILE_PREFIX_HEADER = YES;
				GCC_PREFIX_HEADER = "SodineTests/SodineTests-Prefix.pch";
				INFOPLIST_FILE = "SodineTests/SodineTests-Info.plist";
				OTHER_LDFLAGS = (
					"-framework",
					SenTestingKit,
				);
				PRODUCT_NAME = "$(TARGET_NAME)";
				TEST_HOST = "$(BUNDLE_LOADER)";
				WRAPPER_EXTENSION = octest;
			};
			name = Release;
		};
		0200DAEE13427A000049713F /* Debug */ = {
			isa = XCBuildConfiguration;
			buildSettings = {
				ALWAYS_SEARCH_USER_PATHS = NO;
				ARCHS = "$(ARCHS_STANDARD_32_64_BIT)";
				COPY_PHASE_STRIP = NO;
				GCC_DYNAMIC_NO_PIC = NO;
				GCC_ENABLE_OBJC_EXCEPTIONS = YES;
				GCC_PRECOMPILE_PREFIX_HEADER = YES;
				GCC_PREFIX_HEADER = "test-iodined/test-iodined-Prefix.pch";
				GCC_VERSION = com.apple.compilers.llvm.clang.1_0;
				GCC_WARN_64_TO_32_BIT_CONVERSION = YES;
				MACOSX_DEPLOYMENT_TARGET = 10.6;
				ONLY_ACTIVE_ARCH = YES;
				PRODUCT_NAME = "$(TARGET_NAME)";
				SDKROOT = macosx;
			};
			name = Debug;
		};
		0200DAEF13427A000049713F /* Release */ = {
			isa = XCBuildConfiguration;
			buildSettings = {
				ALWAYS_SEARCH_USER_PATHS = NO;
				ARCHS = "$(ARCHS_STANDARD_32_64_BIT)";
				COPY_PHASE_STRIP = YES;
				DEBUG_INFORMATION_FORMAT = "dwarf-with-dsym";
				GCC_ENABLE_OBJC_EXCEPTIONS = YES;
				GCC_PRECOMPILE_PREFIX_HEADER = YES;
				GCC_PREFIX_HEADER = "test-iodined/test-iodined-Prefix.pch";
				GCC_VERSION = com.apple.compilers.llvm.clang.1_0;
				GCC_WARN_64_TO_32_BIT_CONVERSION = YES;
				MACOSX_DEPLOYMENT_TARGET = 10.6;
				PRODUCT_NAME = "$(TARGET_NAME)";
				SDKROOT = macosx;
			};
			name = Release;
		};
		0200DB1C13428E560049713F /* Debug */ = {
			isa = XCBuildConfiguration;
			buildSettings = {
				ALWAYS_SEARCH_USER_PATHS = NO;
				ARCHS = "$(ARCHS_STANDARD_32_64_BIT)";
				COPY_PHASE_STRIP = NO;
				GCC_DYNAMIC_NO_PIC = NO;
				GCC_ENABLE_OBJC_EXCEPTIONS = YES;
				GCC_PRECOMPILE_PREFIX_HEADER = YES;
				GCC_PREFIX_HEADER = "test-iodined/test-iodined-Prefix.pch";
				GCC_VERSION = com.apple.compilers.llvm.clang.1_0;
				GCC_WARN_64_TO_32_BIT_CONVERSION = YES;
				MACOSX_DEPLOYMENT_TARGET = 10.6;
				ONLY_ACTIVE_ARCH = YES;
				PRODUCT_NAME = "test-iodined copy";
				SDKROOT = macosx;
			};
			name = Debug;
		};
		0200DB1D13428E560049713F /* Release */ = {
			isa = XCBuildConfiguration;
			buildSettings = {
				ALWAYS_SEARCH_USER_PATHS = NO;
				ARCHS = "$(ARCHS_STANDARD_32_64_BIT)";
				COPY_PHASE_STRIP = YES;
				DEBUG_INFORMATION_FORMAT = "dwarf-with-dsym";
				GCC_ENABLE_OBJC_EXCEPTIONS = YES;
				GCC_PRECOMPILE_PREFIX_HEADER = YES;
				GCC_PREFIX_HEADER = "test-iodined/test-iodined-Prefix.pch";
				GCC_VERSION = com.apple.compilers.llvm.clang.1_0;
				GCC_WARN_64_TO_32_BIT_CONVERSION = YES;
				MACOSX_DEPLOYMENT_TARGET = 10.6;
				PRODUCT_NAME = "test-iodined copy";
				SDKROOT = macosx;
			};
			name = Release;
		};
/* End XCBuildConfiguration section */

/* Begin XCConfigurationList section */
		0200DA56134275370049713F /* Build configuration list for PBXProject "Sodine" */ = {
			isa = XCConfigurationList;
			buildConfigurations = (
				0200DA91134275380049713F /* Debug */,
				0200DA92134275380049713F /* Release */,
			);
			defaultConfigurationIsVisible = 0;
			defaultConfigurationName = Release;
		};
		0200DA93134275380049713F /* Build configuration list for PBXNativeTarget "Sodine" */ = {
			isa = XCConfigurationList;
			buildConfigurations = (
				0200DA94134275380049713F /* Debug */,
				0200DA95134275380049713F /* Release */,
			);
			defaultConfigurationIsVisible = 0;
			defaultConfigurationName = Release;
		};
		0200DA96134275380049713F /* Build configuration list for PBXNativeTarget "SodineTests" */ = {
			isa = XCConfigurationList;
			buildConfigurations = (
				0200DA97134275380049713F /* Debug */,
				0200DA98134275380049713F /* Release */,
			);
			defaultConfigurationIsVisible = 0;
			defaultConfigurationName = Release;
		};
		0200DAED13427A000049713F /* Build configuration list for PBXNativeTarget "test-iodine" */ = {
			isa = XCConfigurationList;
			buildConfigurations = (
				0200DAEE13427A000049713F /* Debug */,
				0200DAEF13427A000049713F /* Release */,
			);
			defaultConfigurationIsVisible = 0;
		};
		0200DB1B13428E560049713F /* Build configuration list for PBXNativeTarget "test-iodined" */ = {
			isa = XCConfigurationList;
			buildConfigurations = (
				0200DB1C13428E560049713F /* Debug */,
				0200DB1D13428E560049713F /* Release */,
			);
			defaultConfigurationIsVisible = 0;
		};
/* End XCConfigurationList section */
	};
	rootObject = 0200DA53134275370049713F /* Project object */;
}
